
Microsoft Visual Studio Solution File, Format Version 12.00
# Visual Studio 15
VisualStudioVersion = 15.0.27703.2042
MinimumVisualStudioVersion = 10.0.40219.1
Project("{FAE04EC0-301F-11D3-BF4B-00C04F79EFBC}") = "KumandaKontrol", "KumandaKontrol\KumandaKontrol.csproj", "{1DD7083F-06BC-4D31-976F-7DF74358551E}"
EndProject
Global
	GlobalSection(SolutionConfigurationPlatforms) = preSolution
		Debug|Any CPU = Debug|Any CPU
		Release|Any CPU = Release|Any CPU
	EndGlobalSection
	GlobalSection(ProjectConfigurationPlatforms) = postSolution
		{1DD7083F-06BC-4D31-976F-7DF74358551E}.Debug|Any CPU.ActiveCfg = Debug|Any CPU
		{1DD7083F-06BC-4D31-976F-7DF74358551E}.Debug|Any CPU.Build.0 = Debug|Any CPU
		{1DD7083F-06BC-4D31-976F-7DF74358551E}.Release|Any CPU.ActiveCfg = Release|Any CPU
		{1DD7083F-06BC-4D31-976F-7DF74358551E}.Release|Any CPU.Build.0 = Release|Any CPU
	EndGlobalSection
	GlobalSection(SolutionProperties) = preSolution
		HideSolutionNode = FALSE
	EndGlobalSection
	GlobalSection(ExtensibilityGlobals) = postSolution
		SolutionGuid = {5AF35977-A363-4BAD-9AA6-4E1A6FD6E700}
	EndGlobalSection
EndGlobal
